
Microsoft Visual Studio Solution File, Format Version 12.00
# Visual Studio Version 16
VisualStudioVersion = 16.0.28803.352
MinimumVisualStudioVersion = 10.0.40219.1
Project("{9A19103F-16F7-4668-BE54-9A1E7A4F7556}") = "NeoZpn", "NeoZpn\NeoZpn.csproj", "{57DD5F84-2D12-4F26-93E4-53F552E554A2}"
EndProject
Project("{FAE04EC0-301F-11D3-BF4B-00C04F79EFBC}") = "NeoZPN.API", "NeoZPN.API\NeoZPN.API.csproj", "{998BF33A-DB70-40FC-BA36-2F05E4BD7F26}"
EndProject
Global
	GlobalSection(SolutionConfigurationPlatforms) = preSolution
		Debug|Any CPU = Debug|Any CPU
		Release|Any CPU = Release|Any CPU
	EndGlobalSection
	GlobalSection(ProjectConfigurationPlatforms) = postSolution
		{57DD5F84-2D12-4F26-93E4-53F552E554A2}.Debug|Any CPU.ActiveCfg = Debug|Any CPU
		{57DD5F84-2D12-4F26-93E4-53F552E554A2}.Debug|Any CPU.Build.0 = Debug|Any CPU
		{57DD5F84-2D12-4F26-93E4-53F552E554A2}.Release|Any CPU.ActiveCfg = Release|Any CPU
		{57DD5F84-2D12-4F26-93E4-53F552E554A2}.Release|Any CPU.Build.0 = Release|Any CPU
		{998BF33A-DB70-40FC-BA36-2F05E4BD7F26}.Debug|Any CPU.ActiveCfg = Debug|Any CPU
		{998BF33A-DB70-40FC-BA36-2F05E4BD7F26}.Debug|Any CPU.Build.0 = Debug|Any CPU
		{998BF33A-DB70-40FC-BA36-2F05E4BD7F26}.Release|Any CPU.ActiveCfg = Release|Any CPU
		{998BF33A-DB70-40FC-BA36-2F05E4BD7F26}.Release|Any CPU.Build.0 = Release|Any CPU
	EndGlobalSection
	GlobalSection(SolutionProperties) = preSolution
		HideSolutionNode = FALSE
	EndGlobalSection
	GlobalSection(ExtensibilityGlobals) = postSolution
		SolutionGuid = {F177F832-2D36-4339-9D55-912634AEBB58}
	EndGlobalSection
EndGlobal
